
Microsoft Visual Studio Solution File, Format Version 12.00
# Visual Studio Version 17
VisualStudioVersion = 17.3.32825.248
MinimumVisualStudioVersion = 10.0.40219.1
Project("{FAE04EC0-301F-11D3-BF4B-00C04F79EFBC}") = "trabajo 1 de c", "trabajo 1 de c\trabajo 1 de c.csproj", "{2AEF281B-9D3B-42B5-B011-4DF3A8E7A5B4}"
EndProject
Project("{FAE04EC0-301F-11D3-BF4B-00C04F79EFBC}") = "trabajo 2 de c", "trabajo 2 de c\trabajo 2 de c.csproj", "{20DBA974-9EC8-4B92-BEA8-256DAA67C5F4}"
EndProject
Project("{FAE04EC0-301F-11D3-BF4B-00C04F79EFBC}") = "trabajo 3 de c", "trabajo 3 de c\trabajo 3 de c.csproj", "{7E9E9581-61A3-4F10-996B-96AC7F74E5D0}"
EndProject
Project("{FAE04EC0-301F-11D3-BF4B-00C04F79EFBC}") = "trabajo 4 de c", "trabajo 4 de c\trabajo 4 de c.csproj", "{16A7B5DC-4E66-4CD7-913D-C069C5378E25}"
EndProject
Project("{FAE04EC0-301F-11D3-BF4B-00C04F79EFBC}") = "trabajo 5 de c", "trabajo 5 de c\trabajo 5 de c.csproj", "{3C07FDBC-E03B-4556-9E4D-37D8BE52C74B}"
EndProject
Global
	GlobalSection(SolutionConfigurationPlatforms) = preSolution
		Debug|Any CPU = Debug|Any CPU
		Release|Any CPU = Release|Any CPU
	EndGlobalSection
	GlobalSection(ProjectConfigurationPlatforms) = postSolution
		{2AEF281B-9D3B-42B5-B011-4DF3A8E7A5B4}.Debug|Any CPU.ActiveCfg = Debug|Any CPU
		{2AEF281B-9D3B-42B5-B011-4DF3A8E7A5B4}.Debug|Any CPU.Build.0 = Debug|Any CPU
		{2AEF281B-9D3B-42B5-B011-4DF3A8E7A5B4}.Release|Any CPU.ActiveCfg = Release|Any CPU
		{2AEF281B-9D3B-42B5-B011-4DF3A8E7A5B4}.Release|Any CPU.Build.0 = Release|Any CPU
		{20DBA974-9EC8-4B92-BEA8-256DAA67C5F4}.Debug|Any CPU.ActiveCfg = Debug|Any CPU
		{20DBA974-9EC8-4B92-BEA8-256DAA67C5F4}.Debug|Any CPU.Build.0 = Debug|Any CPU
		{20DBA974-9EC8-4B92-BEA8-256DAA67C5F4}.Release|Any CPU.ActiveCfg = Release|Any CPU
		{20DBA974-9EC8-4B92-BEA8-256DAA67C5F4}.Release|Any CPU.Build.0 = Release|Any CPU
		{7E9E9581-61A3-4F10-996B-96AC7F74E5D0}.Debug|Any CPU.ActiveCfg = Debug|Any CPU
		{7E9E9581-61A3-4F10-996B-96AC7F74E5D0}.Debug|Any CPU.Build.0 = Debug|Any CPU
		{7E9E9581-61A3-4F10-996B-96AC7F74E5D0}.Release|Any CPU.ActiveCfg = Release|Any CPU
		{7E9E9581-61A3-4F10-996B-96AC7F74E5D0}.Release|Any CPU.Build.0 = Release|Any CPU
		{16A7B5DC-4E66-4CD7-913D-C069C5378E25}.Debug|Any CPU.ActiveCfg = Debug|Any CPU
		{16A7B5DC-4E66-4CD7-913D-C069C5378E25}.Debug|Any CPU.Build.0 = Debug|Any CPU
		{16A7B5DC-4E66-4CD7-913D-C069C5378E25}.Release|Any CPU.ActiveCfg = Release|Any CPU
		{16A7B5DC-4E66-4CD7-913D-C069C5378E25}.Release|Any CPU.Build.0 = Release|Any CPU
		{3C07FDBC-E03B-4556-9E4D-37D8BE52C74B}.Debug|Any CPU.ActiveCfg = Debug|Any CPU
		{3C07FDBC-E03B-4556-9E4D-37D8BE52C74B}.Debug|Any CPU.Build.0 = Debug|Any CPU
		{3C07FDBC-E03B-4556-9E4D-37D8BE52C74B}.Release|Any CPU.ActiveCfg = Release|Any CPU
		{3C07FDBC-E03B-4556-9E4D-37D8BE52C74B}.Release|Any CPU.Build.0 = Release|Any CPU
	EndGlobalSection
	GlobalSection(SolutionProperties) = preSolution
		HideSolutionNode = FALSE
	EndGlobalSection
	GlobalSection(ExtensibilityGlobals) = postSolution
		SolutionGuid = {17555366-D0F7-4FED-BD3E-9EF43AD3B49C}
	EndGlobalSection
EndGlobal
